
Microsoft Visual Studio Solution File, Format Version 12.00
# Visual Studio Version 17
VisualStudioVersion = 17.7.34003.232
MinimumVisualStudioVersion = 10.0.40219.1
Project("{FAE04EC0-301F-11D3-BF4B-00C04F79EFBC}") = "ConsoleApp1", "ConsoleApp1\ConsoleApp1.csproj", "{408262B1-A69E-4299-B47C-C0DA6073F97B}"
EndProject
Global
	GlobalSection(SolutionConfigurationPlatforms) = preSolution
		Debug|Any CPU = Debug|Any CPU
		Release|Any CPU = Release|Any CPU
	EndGlobalSection
	GlobalSection(ProjectConfigurationPlatforms) = postSolution
		{408262B1-A69E-4299-B47C-C0DA6073F97B}.Debug|Any CPU.ActiveCfg = Debug|Any CPU
		{408262B1-A69E-4299-B47C-C0DA6073F97B}.Debug|Any CPU.Build.0 = Debug|Any CPU
		{408262B1-A69E-4299-B47C-C0DA6073F97B}.Release|Any CPU.ActiveCfg = Release|Any CPU
		{408262B1-A69E-4299-B47C-C0DA6073F97B}.Release|Any CPU.Build.0 = Release|Any CPU
	EndGlobalSection
	GlobalSection(SolutionProperties) = preSolution
		HideSolutionNode = FALSE
	EndGlobalSection
	GlobalSection(ExtensibilityGlobals) = postSolution
		SolutionGuid = {2597BB62-3ADC-488B-885E-68DE49B427EC}
	EndGlobalSection
EndGlobal
